
Microsoft Visual Studio Solution File, Format Version 12.00
# Visual Studio Version 17
VisualStudioVersion = 17.4.33213.308
MinimumVisualStudioVersion = 10.0.40219.1
Project("{FAE04EC0-301F-11D3-BF4B-00C04F79EFBC}") = "OperationResult", "OperationResult\OperationResult.csproj", "{04AD82CB-FB54-4040-8D46-180663F7E72F}"
EndProject
Global
	GlobalSection(SolutionConfigurationPlatforms) = preSolution
		Debug|Any CPU = Debug|Any CPU
		Release|Any CPU = Release|Any CPU
	EndGlobalSection
	GlobalSection(ProjectConfigurationPlatforms) = postSolution
		{04AD82CB-FB54-4040-8D46-180663F7E72F}.Debug|Any CPU.ActiveCfg = Debug|Any CPU
		{04AD82CB-FB54-4040-8D46-180663F7E72F}.Debug|Any CPU.Build.0 = Debug|Any CPU
		{04AD82CB-FB54-4040-8D46-180663F7E72F}.Release|Any CPU.ActiveCfg = Release|Any CPU
		{04AD82CB-FB54-4040-8D46-180663F7E72F}.Release|Any CPU.Build.0 = Release|Any CPU
	EndGlobalSection
	GlobalSection(SolutionProperties) = preSolution
		HideSolutionNode = FALSE
	EndGlobalSection
	GlobalSection(ExtensibilityGlobals) = postSolution
		SolutionGuid = {346AE5B9-EB38-48FA-8E3F-33EBA931477F}
	EndGlobalSection
EndGlobal
